
Microsoft Visual Studio Solution File, Format Version 12.00
# Visual Studio Version 18
VisualStudioVersion = 18.0.11222.15
MinimumVisualStudioVersion = 10.0.40219.1
Project("{2150E333-8FDC-42A3-9474-1A3956D46DE8}") = "Solution Items", "Solution Items", "{55E02B97-1C7F-44EC-A5D9-378B8D98CD94}"
	ProjectSection(SolutionItems) = preProject
		AzureAPIM_README.md = AzureAPIM_README.md
	EndProjectSection
EndProject
Project("{2150E333-8FDC-42A3-9474-1A3956D46DE8}") = "Practicals", "Practicals", "{CA0DF920-9097-4C62-A026-06AD23C941D8}"
EndProject
Project("{FAE04EC0-301F-11D3-BF4B-00C04F79EFBC}") = "MyFunctionApp", "MyFunctionApp\MyFunctionApp.csproj", "{9C0B7CA5-6ECC-4AEF-B246-979FB37198E8}"
EndProject
Project("{FAE04EC0-301F-11D3-BF4B-00C04F79EFBC}") = "Blob", "Blob\Blob.csproj", "{D1EC8F9D-C0A5-47AC-B81A-6CD0D59FB58A}"
EndProject
Project("{FAE04EC0-301F-11D3-BF4B-00C04F79EFBC}") = "IAM", "IAM\IAM.csproj", "{64BCEAD4-0A0B-45B1-A46F-86AD18502FE6}"
EndProject
Project("{FAE04EC0-301F-11D3-BF4B-00C04F79EFBC}") = "Keyvault", "Keyvault\Keyvault.csproj", "{BA75E136-14B1-4F2C-928E-B8BD58F03B3D}"
EndProject
Project("{FAE04EC0-301F-11D3-BF4B-00C04F79EFBC}") = "AppConfig", "AppConfig\AppConfig.csproj", "{7CC526F7-33A5-480A-901A-E766D8ABEC57}"
EndProject
Project("{FAE04EC0-301F-11D3-BF4B-00C04F79EFBC}") = "AzEventGrid", "AzEventGrid\AzEventGrid.csproj", "{718B8155-36B8-4E72-8980-3FA90FC99BCD}"
EndProject
Project("{FAE04EC0-301F-11D3-BF4B-00C04F79EFBC}") = "AzureEventHub", "AzureEventHub\AzureEventHub.csproj", "{5F4081B8-AC27-454B-BB34-9F829E8DCFF3}"
EndProject
Project("{FAE04EC0-301F-11D3-BF4B-00C04F79EFBC}") = "AzServiceBus", "AzServiceBus\AzServiceBus.csproj", "{B5C638F9-0B5F-4052-BA64-C9D9D4263011}"
EndProject
Project("{FAE04EC0-301F-11D3-BF4B-00C04F79EFBC}") = "AzQueueStorage", "AzQueueStorage\AzQueueStorage.csproj", "{3221A33D-6E94-4EAF-84D9-BF8EA9F0C37E}"
EndProject
Project("{FAE04EC0-301F-11D3-BF4B-00C04F79EFBC}") = "AzCosmosDb", "AzCosmosDb\AzCosmosDb.csproj", "{658C7663-6A64-42AC-AB9E-53C34D1E0BAF}"
EndProject
Project("{FAE04EC0-301F-11D3-BF4B-00C04F79EFBC}") = "CosmosDbChangeFeedProcessor", "CosmosDbChangeFeedProcessor\CosmosDbChangeFeedProcessor.csproj", "{5311BBB3-DCC0-44A8-AF6A-72BC354CE1EC}"
EndProject
Global
	GlobalSection(SolutionConfigurationPlatforms) = preSolution
		Debug|Any CPU = Debug|Any CPU
		Release|Any CPU = Release|Any CPU
	EndGlobalSection
	GlobalSection(ProjectConfigurationPlatforms) = postSolution
		{9C0B7CA5-6ECC-4AEF-B246-979FB37198E8}.Debug|Any CPU.ActiveCfg = Debug|Any CPU
		{9C0B7CA5-6ECC-4AEF-B246-979FB37198E8}.Debug|Any CPU.Build.0 = Debug|Any CPU
		{9C0B7CA5-6ECC-4AEF-B246-979FB37198E8}.Release|Any CPU.ActiveCfg = Release|Any CPU
		{9C0B7CA5-6ECC-4AEF-B246-979FB37198E8}.Release|Any CPU.Build.0 = Release|Any CPU
		{D1EC8F9D-C0A5-47AC-B81A-6CD0D59FB58A}.Debug|Any CPU.ActiveCfg = Debug|Any CPU
		{D1EC8F9D-C0A5-47AC-B81A-6CD0D59FB58A}.Debug|Any CPU.Build.0 = Debug|Any CPU
		{D1EC8F9D-C0A5-47AC-B81A-6CD0D59FB58A}.Release|Any CPU.ActiveCfg = Release|Any CPU
		{D1EC8F9D-C0A5-47AC-B81A-6CD0D59FB58A}.Release|Any CPU.Build.0 = Release|Any CPU
		{64BCEAD4-0A0B-45B1-A46F-86AD18502FE6}.Debug|Any CPU.ActiveCfg = Debug|Any CPU
		{64BCEAD4-0A0B-45B1-A46F-86AD18502FE6}.Debug|Any CPU.Build.0 = Debug|Any CPU
		{64BCEAD4-0A0B-45B1-A46F-86AD18502FE6}.Release|Any CPU.ActiveCfg = Release|Any CPU
		{64BCEAD4-0A0B-45B1-A46F-86AD18502FE6}.Release|Any CPU.Build.0 = Release|Any CPU
		{BA75E136-14B1-4F2C-928E-B8BD58F03B3D}.Debug|Any CPU.ActiveCfg = Debug|Any CPU
		{BA75E136-14B1-4F2C-928E-B8BD58F03B3D}.Debug|Any CPU.Build.0 = Debug|Any CPU
		{BA75E136-14B1-4F2C-928E-B8BD58F03B3D}.Release|Any CPU.ActiveCfg = Release|Any CPU
		{BA75E136-14B1-4F2C-928E-B8BD58F03B3D}.Release|Any CPU.Build.0 = Release|Any CPU
		{7CC526F7-33A5-480A-901A-E766D8ABEC57}.Debug|Any CPU.ActiveCfg = Debug|Any CPU
		{7CC526F7-33A5-480A-901A-E766D8ABEC57}.Debug|Any CPU.Build.0 = Debug|Any CPU
		{7CC526F7-33A5-480A-901A-E766D8ABEC57}.Release|Any CPU.ActiveCfg = Release|Any CPU
		{7CC526F7-33A5-480A-901A-E766D8ABEC57}.Release|Any CPU.Build.0 = Release|Any CPU
		{718B8155-36B8-4E72-8980-3FA90FC99BCD}.Debug|Any CPU.ActiveCfg = Debug|Any CPU
		{718B8155-36B8-4E72-8980-3FA90FC99BCD}.Debug|Any CPU.Build.0 = Debug|Any CPU
		{718B8155-36B8-4E72-8980-3FA90FC99BCD}.Release|Any CPU.ActiveCfg = Release|Any CPU
		{718B8155-36B8-4E72-8980-3FA90FC99BCD}.Release|Any CPU.Build.0 = Release|Any CPU
		{5F4081B8-AC27-454B-BB34-9F829E8DCFF3}.Debug|Any CPU.ActiveCfg = Debug|Any CPU
		{5F4081B8-AC27-454B-BB34-9F829E8DCFF3}.Debug|Any CPU.Build.0 = Debug|Any CPU
		{5F4081B8-AC27-454B-BB34-9F829E8DCFF3}.Release|Any CPU.ActiveCfg = Release|Any CPU
		{5F4081B8-AC27-454B-BB34-9F829E8DCFF3}.Release|Any CPU.Build.0 = Release|Any CPU
		{B5C638F9-0B5F-4052-BA64-C9D9D4263011}.Debug|Any CPU.ActiveCfg = Debug|Any CPU
		{B5C638F9-0B5F-4052-BA64-C9D9D4263011}.Debug|Any CPU.Build.0 = Debug|Any CPU
		{B5C638F9-0B5F-4052-BA64-C9D9D4263011}.Release|Any CPU.ActiveCfg = Release|Any CPU
		{B5C638F9-0B5F-4052-BA64-C9D9D4263011}.Release|Any CPU.Build.0 = Release|Any CPU
		{3221A33D-6E94-4EAF-84D9-BF8EA9F0C37E}.Debug|Any CPU.ActiveCfg = Debug|Any CPU
		{3221A33D-6E94-4EAF-84D9-BF8EA9F0C37E}.Debug|Any CPU.Build.0 = Debug|Any CPU
		{3221A33D-6E94-4EAF-84D9-BF8EA9F0C37E}.Release|Any CPU.ActiveCfg = Release|Any CPU
		{3221A33D-6E94-4EAF-84D9-BF8EA9F0C37E}.Release|Any CPU.Build.0 = Release|Any CPU
		{658C7663-6A64-42AC-AB9E-53C34D1E0BAF}.Debug|Any CPU.ActiveCfg = Debug|Any CPU
		{658C7663-6A64-42AC-AB9E-53C34D1E0BAF}.Debug|Any CPU.Build.0 = Debug|Any CPU
		{658C7663-6A64-42AC-AB9E-53C34D1E0BAF}.Release|Any CPU.ActiveCfg = Release|Any CPU
		{658C7663-6A64-42AC-AB9E-53C34D1E0BAF}.Release|Any CPU.Build.0 = Release|Any CPU
		{5311BBB3-DCC0-44A8-AF6A-72BC354CE1EC}.Debug|Any CPU.ActiveCfg = Debug|Any CPU
		{5311BBB3-DCC0-44A8-AF6A-72BC354CE1EC}.Debug|Any CPU.Build.0 = Debug|Any CPU
		{5311BBB3-DCC0-44A8-AF6A-72BC354CE1EC}.Release|Any CPU.ActiveCfg = Release|Any CPU
		{5311BBB3-DCC0-44A8-AF6A-72BC354CE1EC}.Release|Any CPU.Build.0 = Release|Any CPU
	EndGlobalSection
	GlobalSection(SolutionProperties) = preSolution
		HideSolutionNode = FALSE
	EndGlobalSection
	GlobalSection(NestedProjects) = preSolution
		{9C0B7CA5-6ECC-4AEF-B246-979FB37198E8} = {CA0DF920-9097-4C62-A026-06AD23C941D8}
		{D1EC8F9D-C0A5-47AC-B81A-6CD0D59FB58A} = {CA0DF920-9097-4C62-A026-06AD23C941D8}
		{64BCEAD4-0A0B-45B1-A46F-86AD18502FE6} = {CA0DF920-9097-4C62-A026-06AD23C941D8}
		{BA75E136-14B1-4F2C-928E-B8BD58F03B3D} = {CA0DF920-9097-4C62-A026-06AD23C941D8}
		{7CC526F7-33A5-480A-901A-E766D8ABEC57} = {CA0DF920-9097-4C62-A026-06AD23C941D8}
		{718B8155-36B8-4E72-8980-3FA90FC99BCD} = {CA0DF920-9097-4C62-A026-06AD23C941D8}
		{5F4081B8-AC27-454B-BB34-9F829E8DCFF3} = {CA0DF920-9097-4C62-A026-06AD23C941D8}
		{B5C638F9-0B5F-4052-BA64-C9D9D4263011} = {CA0DF920-9097-4C62-A026-06AD23C941D8}
		{3221A33D-6E94-4EAF-84D9-BF8EA9F0C37E} = {CA0DF920-9097-4C62-A026-06AD23C941D8}
		{658C7663-6A64-42AC-AB9E-53C34D1E0BAF} = {CA0DF920-9097-4C62-A026-06AD23C941D8}
		{5311BBB3-DCC0-44A8-AF6A-72BC354CE1EC} = {CA0DF920-9097-4C62-A026-06AD23C941D8}
	EndGlobalSection
	GlobalSection(ExtensibilityGlobals) = postSolution
		SolutionGuid = {7219DBD9-6FD9-4AE7-A9E0-FC231EB28D9D}
	EndGlobalSection
EndGlobal
